
Microsoft Visual Studio Solution File, Format Version 12.00
# Visual Studio 2012
Project("{FAE04EC0-301F-11D3-BF4B-00C04F79EFBC}") = "LocationRewards", "LocationRewards\LocationRewards.csproj", "{F8D434CE-CCE3-442F-A4DD-DFF08A24E0BD}"
EndProject
Project("{FAE04EC0-301F-11D3-BF4B-00C04F79EFBC}") = "TradingPartnersDirectory", "TradingPartnersDirectory\TradingPartnersDirectory.csproj", "{647E7295-2DAB-4C3B-8CA5-86C60AF89B1A}"
EndProject
Global
	GlobalSection(SolutionConfigurationPlatforms) = preSolution
		Debug|Any CPU = Debug|Any CPU
		Release|Any CPU = Release|Any CPU
	EndGlobalSection
	GlobalSection(ProjectConfigurationPlatforms) = postSolution
		{647E7295-2DAB-4C3B-8CA5-86C60AF89B1A}.Debug|Any CPU.ActiveCfg = Debug|Any CPU
		{647E7295-2DAB-4C3B-8CA5-86C60AF89B1A}.Debug|Any CPU.Build.0 = Debug|Any CPU
		{647E7295-2DAB-4C3B-8CA5-86C60AF89B1A}.Release|Any CPU.ActiveCfg = Release|Any CPU
		{647E7295-2DAB-4C3B-8CA5-86C60AF89B1A}.Release|Any CPU.Build.0 = Release|Any CPU
		{F8D434CE-CCE3-442F-A4DD-DFF08A24E0BD}.Debug|Any CPU.ActiveCfg = Debug|Any CPU
		{F8D434CE-CCE3-442F-A4DD-DFF08A24E0BD}.Debug|Any CPU.Build.0 = Debug|Any CPU
		{F8D434CE-CCE3-442F-A4DD-DFF08A24E0BD}.Release|Any CPU.ActiveCfg = Release|Any CPU
		{F8D434CE-CCE3-442F-A4DD-DFF08A24E0BD}.Release|Any CPU.Build.0 = Release|Any CPU
	EndGlobalSection
	GlobalSection(MonoDevelopProperties) = preSolution
		StartupItem = LocationRewards\LocationRewards.csproj
	EndGlobalSection
EndGlobal
